
Microsoft Visual Studio Solution File, Format Version 12.00
# Visual Studio Version 17
VisualStudioVersion = 17.3.32901.215
MinimumVisualStudioVersion = 10.0.40219.1
Project("{8BC9CEB8-8B4A-11D0-8D11-00A0C91BC942}") = "aisd_lab_1", "aisd_lab_1\aisd_lab_1.vcxproj", "{4FE0D132-17DE-4D13-A0B8-428EC03BDD2B}"
EndProject
Global
	GlobalSection(SolutionConfigurationPlatforms) = preSolution
		Debug|x64 = Debug|x64
		Debug|x86 = Debug|x86
		Release|x64 = Release|x64
		Release|x86 = Release|x86
	EndGlobalSection
	GlobalSection(ProjectConfigurationPlatforms) = postSolution
		{4FE0D132-17DE-4D13-A0B8-428EC03BDD2B}.Debug|x64.ActiveCfg = Debug|x64
		{4FE0D132-17DE-4D13-A0B8-428EC03BDD2B}.Debug|x64.Build.0 = Debug|x64
		{4FE0D132-17DE-4D13-A0B8-428EC03BDD2B}.Debug|x86.ActiveCfg = Debug|Win32
		{4FE0D132-17DE-4D13-A0B8-428EC03BDD2B}.Debug|x86.Build.0 = Debug|Win32
		{4FE0D132-17DE-4D13-A0B8-428EC03BDD2B}.Release|x64.ActiveCfg = Release|x64
		{4FE0D132-17DE-4D13-A0B8-428EC03BDD2B}.Release|x64.Build.0 = Release|x64
		{4FE0D132-17DE-4D13-A0B8-428EC03BDD2B}.Release|x86.ActiveCfg = Release|Win32
		{4FE0D132-17DE-4D13-A0B8-428EC03BDD2B}.Release|x86.Build.0 = Release|Win32
	EndGlobalSection
	GlobalSection(SolutionProperties) = preSolution
		HideSolutionNode = FALSE
	EndGlobalSection
	GlobalSection(ExtensibilityGlobals) = postSolution
		SolutionGuid = {70C56DF1-9BE3-40E9-80E5-D818B7DEF9DE}
	EndGlobalSection
EndGlobal
